
Microsoft Visual Studio Solution File, Format Version 12.00
# Visual Studio Version 16
VisualStudioVersion = 16.0.29911.84
MinimumVisualStudioVersion = 10.0.40219.1
Project("{FAE04EC0-301F-11D3-BF4B-00C04F79EFBC}") = "FactoryMethod", "FactoryMethod\FactoryMethod.csproj", "{D9667E27-A192-4363-80BA-264DDE64A245}"
EndProject
Project("{FAE04EC0-301F-11D3-BF4B-00C04F79EFBC}") = "AbstarctFactory", "AbstarctFactory\AbstarctFactory.csproj", "{CD2088A8-63E2-4FDA-BADF-AB135A18440F}"
EndProject
Project("{FAE04EC0-301F-11D3-BF4B-00C04F79EFBC}") = "Singletone", "Singletone\Singletone.csproj", "{1CFE491C-73E8-4268-83CB-BBE3B029F04D}"
EndProject
Project("{FAE04EC0-301F-11D3-BF4B-00C04F79EFBC}") = "Strategy", "Strategy\Strategy.csproj", "{94D86DB2-E274-429B-AEA3-DF89E95AD684}"
EndProject
Project("{FAE04EC0-301F-11D3-BF4B-00C04F79EFBC}") = "Observer", "Observer\Observer.csproj", "{7FFD7F91-9B4E-4FA7-9958-AF83F75700D3}"
EndProject
Project("{FAE04EC0-301F-11D3-BF4B-00C04F79EFBC}") = "Command", "Command\Command.csproj", "{D4058F83-EE42-448F-AD2C-44C8AE2229A3}"
EndProject
Project("{FAE04EC0-301F-11D3-BF4B-00C04F79EFBC}") = "TemplateMethod", "TemplateMethod\TemplateMethod.csproj", "{4DEB804E-0381-4434-B116-7BD4EA1A49C3}"
EndProject
Project("{FAE04EC0-301F-11D3-BF4B-00C04F79EFBC}") = "State", "State\State.csproj", "{B0F4D7C9-696E-4AA5-9E39-B8B728A1FD6C}"
EndProject
Project("{FAE04EC0-301F-11D3-BF4B-00C04F79EFBC}") = "Solid_SingleResponsibility", "Solid_SingleResponsibility\Solid_SingleResponsibility.csproj", "{4FD5C302-BAE2-4A20-93C8-0FB66B97E166}"
EndProject
Project("{FAE04EC0-301F-11D3-BF4B-00C04F79EFBC}") = "sOlid_OpenClose", "sOlid_OpenClose\sOlid_OpenClose.csproj", "{67BB84F5-F922-4D89-A645-94220F0D3ACA}"
EndProject
Project("{FAE04EC0-301F-11D3-BF4B-00C04F79EFBC}") = "soLid_Listkov", "soLid_Listkov\soLid_Listkov.csproj", "{9C299511-4D7D-40F1-90C3-CDED0D44ED93}"
EndProject
Project("{FAE04EC0-301F-11D3-BF4B-00C04F79EFBC}") = "solId_InterfaceSegregation", "solId_InterfaceSegregation\solId_InterfaceSegregation.csproj", "{850F95C4-8954-4C9F-A59A-87AA2E02852B}"
EndProject
Project("{FAE04EC0-301F-11D3-BF4B-00C04F79EFBC}") = "soliD_DependencyInversion", "soliD_DependencyInversion\soliD_DependencyInversion.csproj", "{3C52A49A-A018-45F5-8472-90053EAA36C0}"
EndProject
Global
	GlobalSection(SolutionConfigurationPlatforms) = preSolution
		Debug|Any CPU = Debug|Any CPU
		Release|Any CPU = Release|Any CPU
	EndGlobalSection
	GlobalSection(ProjectConfigurationPlatforms) = postSolution
		{D9667E27-A192-4363-80BA-264DDE64A245}.Debug|Any CPU.ActiveCfg = Debug|Any CPU
		{D9667E27-A192-4363-80BA-264DDE64A245}.Debug|Any CPU.Build.0 = Debug|Any CPU
		{D9667E27-A192-4363-80BA-264DDE64A245}.Release|Any CPU.ActiveCfg = Release|Any CPU
		{D9667E27-A192-4363-80BA-264DDE64A245}.Release|Any CPU.Build.0 = Release|Any CPU
		{CD2088A8-63E2-4FDA-BADF-AB135A18440F}.Debug|Any CPU.ActiveCfg = Debug|Any CPU
		{CD2088A8-63E2-4FDA-BADF-AB135A18440F}.Debug|Any CPU.Build.0 = Debug|Any CPU
		{CD2088A8-63E2-4FDA-BADF-AB135A18440F}.Release|Any CPU.ActiveCfg = Release|Any CPU
		{CD2088A8-63E2-4FDA-BADF-AB135A18440F}.Release|Any CPU.Build.0 = Release|Any CPU
		{1CFE491C-73E8-4268-83CB-BBE3B029F04D}.Debug|Any CPU.ActiveCfg = Debug|Any CPU
		{1CFE491C-73E8-4268-83CB-BBE3B029F04D}.Debug|Any CPU.Build.0 = Debug|Any CPU
		{1CFE491C-73E8-4268-83CB-BBE3B029F04D}.Release|Any CPU.ActiveCfg = Release|Any CPU
		{1CFE491C-73E8-4268-83CB-BBE3B029F04D}.Release|Any CPU.Build.0 = Release|Any CPU
		{94D86DB2-E274-429B-AEA3-DF89E95AD684}.Debug|Any CPU.ActiveCfg = Debug|Any CPU
		{94D86DB2-E274-429B-AEA3-DF89E95AD684}.Debug|Any CPU.Build.0 = Debug|Any CPU
		{94D86DB2-E274-429B-AEA3-DF89E95AD684}.Release|Any CPU.ActiveCfg = Release|Any CPU
		{94D86DB2-E274-429B-AEA3-DF89E95AD684}.Release|Any CPU.Build.0 = Release|Any CPU
		{7FFD7F91-9B4E-4FA7-9958-AF83F75700D3}.Debug|Any CPU.ActiveCfg = Debug|Any CPU
		{7FFD7F91-9B4E-4FA7-9958-AF83F75700D3}.Debug|Any CPU.Build.0 = Debug|Any CPU
		{7FFD7F91-9B4E-4FA7-9958-AF83F75700D3}.Release|Any CPU.ActiveCfg = Release|Any CPU
		{7FFD7F91-9B4E-4FA7-9958-AF83F75700D3}.Release|Any CPU.Build.0 = Release|Any CPU
		{D4058F83-EE42-448F-AD2C-44C8AE2229A3}.Debug|Any CPU.ActiveCfg = Debug|Any CPU
		{D4058F83-EE42-448F-AD2C-44C8AE2229A3}.Debug|Any CPU.Build.0 = Debug|Any CPU
		{D4058F83-EE42-448F-AD2C-44C8AE2229A3}.Release|Any CPU.ActiveCfg = Release|Any CPU
		{D4058F83-EE42-448F-AD2C-44C8AE2229A3}.Release|Any CPU.Build.0 = Release|Any CPU
		{4DEB804E-0381-4434-B116-7BD4EA1A49C3}.Debug|Any CPU.ActiveCfg = Debug|Any CPU
		{4DEB804E-0381-4434-B116-7BD4EA1A49C3}.Debug|Any CPU.Build.0 = Debug|Any CPU
		{4DEB804E-0381-4434-B116-7BD4EA1A49C3}.Release|Any CPU.ActiveCfg = Release|Any CPU
		{4DEB804E-0381-4434-B116-7BD4EA1A49C3}.Release|Any CPU.Build.0 = Release|Any CPU
		{B0F4D7C9-696E-4AA5-9E39-B8B728A1FD6C}.Debug|Any CPU.ActiveCfg = Debug|Any CPU
		{B0F4D7C9-696E-4AA5-9E39-B8B728A1FD6C}.Debug|Any CPU.Build.0 = Debug|Any CPU
		{B0F4D7C9-696E-4AA5-9E39-B8B728A1FD6C}.Release|Any CPU.ActiveCfg = Release|Any CPU
		{B0F4D7C9-696E-4AA5-9E39-B8B728A1FD6C}.Release|Any CPU.Build.0 = Release|Any CPU
		{4FD5C302-BAE2-4A20-93C8-0FB66B97E166}.Debug|Any CPU.ActiveCfg = Debug|Any CPU
		{4FD5C302-BAE2-4A20-93C8-0FB66B97E166}.Debug|Any CPU.Build.0 = Debug|Any CPU
		{4FD5C302-BAE2-4A20-93C8-0FB66B97E166}.Release|Any CPU.ActiveCfg = Release|Any CPU
		{4FD5C302-BAE2-4A20-93C8-0FB66B97E166}.Release|Any CPU.Build.0 = Release|Any CPU
		{67BB84F5-F922-4D89-A645-94220F0D3ACA}.Debug|Any CPU.ActiveCfg = Debug|Any CPU
		{67BB84F5-F922-4D89-A645-94220F0D3ACA}.Debug|Any CPU.Build.0 = Debug|Any CPU
		{67BB84F5-F922-4D89-A645-94220F0D3ACA}.Release|Any CPU.ActiveCfg = Release|Any CPU
		{67BB84F5-F922-4D89-A645-94220F0D3ACA}.Release|Any CPU.Build.0 = Release|Any CPU
		{9C299511-4D7D-40F1-90C3-CDED0D44ED93}.Debug|Any CPU.ActiveCfg = Debug|Any CPU
		{9C299511-4D7D-40F1-90C3-CDED0D44ED93}.Debug|Any CPU.Build.0 = Debug|Any CPU
		{9C299511-4D7D-40F1-90C3-CDED0D44ED93}.Release|Any CPU.ActiveCfg = Release|Any CPU
		{9C299511-4D7D-40F1-90C3-CDED0D44ED93}.Release|Any CPU.Build.0 = Release|Any CPU
		{850F95C4-8954-4C9F-A59A-87AA2E02852B}.Debug|Any CPU.ActiveCfg = Debug|Any CPU
		{850F95C4-8954-4C9F-A59A-87AA2E02852B}.Debug|Any CPU.Build.0 = Debug|Any CPU
		{850F95C4-8954-4C9F-A59A-87AA2E02852B}.Release|Any CPU.ActiveCfg = Release|Any CPU
		{850F95C4-8954-4C9F-A59A-87AA2E02852B}.Release|Any CPU.Build.0 = Release|Any CPU
		{3C52A49A-A018-45F5-8472-90053EAA36C0}.Debug|Any CPU.ActiveCfg = Debug|Any CPU
		{3C52A49A-A018-45F5-8472-90053EAA36C0}.Debug|Any CPU.Build.0 = Debug|Any CPU
		{3C52A49A-A018-45F5-8472-90053EAA36C0}.Release|Any CPU.ActiveCfg = Release|Any CPU
		{3C52A49A-A018-45F5-8472-90053EAA36C0}.Release|Any CPU.Build.0 = Release|Any CPU
	EndGlobalSection
	GlobalSection(SolutionProperties) = preSolution
		HideSolutionNode = FALSE
	EndGlobalSection
	GlobalSection(ExtensibilityGlobals) = postSolution
		SolutionGuid = {BDD4BA0A-75B4-4A6A-A4EF-36A41C5DE943}
	EndGlobalSection
EndGlobal
